{
  "name": "Capstone",
  "lockfileVersion": 2,
  "requires": true,
  "packages": {
    "": {
      "devDependencies": {
        "@types/node": "^18.7.16"
      }
    },
    "node_modules/@types/node": {
      "version": "18.7.16",
      "resolved": "http://artifactory-prd.jbhunt.com/artifactory/api/npm/npm-repos/@types/node/-/node-18.7.16.tgz",
      "integrity": "sha512-EQHhixfu+mkqHMZl1R2Ovuvn47PUw18azMJOTwSZr9/fhzHNGXAJ0ma0dayRVchprpCj0Kc1K1xKoWaATWF1qg==",
      "dev": true,
      "license": "MIT"
    }
  },
  "dependencies": {
    "@types/node": {
      "version": "18.7.16",
      "resolved": "http://artifactory-prd.jbhunt.com/artifactory/api/npm/npm-repos/@types/node/-/node-18.7.16.tgz",
      "integrity": "sha512-EQHhixfu+mkqHMZl1R2Ovuvn47PUw18azMJOTwSZr9/fhzHNGXAJ0ma0dayRVchprpCj0Kc1K1xKoWaATWF1qg==",
      "dev": true
    }
  }
}
